
Microsoft Visual Studio Solution File, Format Version 12.00
# Visual Studio 2015
Project("{FAE04EC0-301F-11D3-BF4B-00C04F79EFBC}") = "Byteme.CSharp.Plugins", "Byteme.CSharp.Plugins.csproj", "{D3EEDA06-FF7D-729D-9F3F-2EA4B696E18F}"
EndProject
Project("{FAE04EC0-301F-11D3-BF4B-00C04F79EFBC}") = "Byteme.CSharp", "Byteme.CSharp.csproj", "{1D914E97-922E-A354-8F9E-1BBE596FD5FF}"
EndProject
Project("{FAE04EC0-301F-11D3-BF4B-00C04F79EFBC}") = "Byteme.CSharp.Editor", "Byteme.CSharp.Editor.csproj", "{DCEF33B1-1A91-1D96-A399-0BC42285D367}"
EndProject
Global
	GlobalSection(SolutionConfigurationPlatforms) = preSolution
		Debug|Any CPU = Debug|Any CPU
		Release|Any CPU = Release|Any CPU
	EndGlobalSection
	GlobalSection(ProjectConfigurationPlatforms) = postSolution
		{D3EEDA06-FF7D-729D-9F3F-2EA4B696E18F}.Debug|Any CPU.ActiveCfg = Debug|Any CPU
		{D3EEDA06-FF7D-729D-9F3F-2EA4B696E18F}.Debug|Any CPU.Build.0 = Debug|Any CPU
		{D3EEDA06-FF7D-729D-9F3F-2EA4B696E18F}.Release|Any CPU.ActiveCfg = Release|Any CPU
		{D3EEDA06-FF7D-729D-9F3F-2EA4B696E18F}.Release|Any CPU.Build.0 = Release|Any CPU
		{1D914E97-922E-A354-8F9E-1BBE596FD5FF}.Debug|Any CPU.ActiveCfg = Debug|Any CPU
		{1D914E97-922E-A354-8F9E-1BBE596FD5FF}.Debug|Any CPU.Build.0 = Debug|Any CPU
		{1D914E97-922E-A354-8F9E-1BBE596FD5FF}.Release|Any CPU.ActiveCfg = Release|Any CPU
		{1D914E97-922E-A354-8F9E-1BBE596FD5FF}.Release|Any CPU.Build.0 = Release|Any CPU
		{DCEF33B1-1A91-1D96-A399-0BC42285D367}.Debug|Any CPU.ActiveCfg = Debug|Any CPU
		{DCEF33B1-1A91-1D96-A399-0BC42285D367}.Debug|Any CPU.Build.0 = Debug|Any CPU
		{DCEF33B1-1A91-1D96-A399-0BC42285D367}.Release|Any CPU.ActiveCfg = Release|Any CPU
		{DCEF33B1-1A91-1D96-A399-0BC42285D367}.Release|Any CPU.Build.0 = Release|Any CPU
	EndGlobalSection
	GlobalSection(SolutionProperties) = preSolution
		HideSolutionNode = FALSE
	EndGlobalSection
EndGlobal
